
Microsoft Visual Studio Solution File, Format Version 12.00
# Visual Studio 2013
VisualStudioVersion = 12.0.40629.0
MinimumVisualStudioVersion = 10.0.40219.1
Project("{FAE04EC0-301F-11D3-BF4B-00C04F79EFBC}") = "AMVE", "AMVE\AMVE.csproj", "{F06D2710-1033-4EC7-95B4-81888BF68964}"
EndProject
Project("{FAE04EC0-301F-11D3-BF4B-00C04F79EFBC}") = "AMVESample", "AMVESample\AMVESample.csproj", "{C8B7A1AD-B2CE-4055-9889-DB8360A1AE35}"
	ProjectSection(ProjectDependencies) = postProject
		{F06D2710-1033-4EC7-95B4-81888BF68964} = {F06D2710-1033-4EC7-95B4-81888BF68964}
	EndProjectSection
EndProject
Project("{2150E333-8FDC-42A3-9474-1A3956D46DE8}") = ".nuget", ".nuget", "{5972C5E3-2CF3-4B5A-A303-43A94BB97388}"
	ProjectSection(SolutionItems) = preProject
		.nuget\packages.config = .nuget\packages.config
	EndProjectSection
EndProject
Global
	GlobalSection(SolutionConfigurationPlatforms) = preSolution
		Debug|Any CPU = Debug|Any CPU
		Release|Any CPU = Release|Any CPU
	EndGlobalSection
	GlobalSection(ProjectConfigurationPlatforms) = postSolution
		{F06D2710-1033-4EC7-95B4-81888BF68964}.Debug|Any CPU.ActiveCfg = Debug|Any CPU
		{F06D2710-1033-4EC7-95B4-81888BF68964}.Debug|Any CPU.Build.0 = Debug|Any CPU
		{F06D2710-1033-4EC7-95B4-81888BF68964}.Release|Any CPU.ActiveCfg = Release|Any CPU
		{F06D2710-1033-4EC7-95B4-81888BF68964}.Release|Any CPU.Build.0 = Release|Any CPU
		{C8B7A1AD-B2CE-4055-9889-DB8360A1AE35}.Debug|Any CPU.ActiveCfg = Debug|Any CPU
		{C8B7A1AD-B2CE-4055-9889-DB8360A1AE35}.Debug|Any CPU.Build.0 = Debug|Any CPU
		{C8B7A1AD-B2CE-4055-9889-DB8360A1AE35}.Release|Any CPU.ActiveCfg = Release|Any CPU
		{C8B7A1AD-B2CE-4055-9889-DB8360A1AE35}.Release|Any CPU.Build.0 = Release|Any CPU
	EndGlobalSection
	GlobalSection(SolutionProperties) = preSolution
		HideSolutionNode = FALSE
	EndGlobalSection
	GlobalSection(ExtensibilityGlobals) = postSolution
		EnterpriseLibraryConfigurationToolBinariesPath = packages\TransientFaultHandling.Core.5.1.1209.1\lib\NET4
	EndGlobalSection
EndGlobal
